// !$*UTF8*$!
{
	archiveVersion = 1;
	classes = {
	};
	objectVersion = 46;
	objects = {

/* Begin PBXBuildFile section */
		08A0C37A1C5198730046DE59 /* main.m in Sources */ = {isa = PBXBuildFile; fileRef = 08A0C3791C5198730046DE59 /* main.m */; };
		08A0C3821C519A890046DE59 /* CICCCTimerHelper.m in Sources */ = {isa = PBXBuildFile; fileRef = 08A0C3811C519A890046DE59 /* CICCCTimerHelper.m */; };
/* End PBXBuildFile section */

/* Begin PBXCopyFilesBuildPhase section */
		08A0C3741C5198720046DE59 /* CopyFiles */ = {
			isa = PBXCopyFilesBuildPhase;
			buildActionMask = 2147483647;
			dstPath = /usr/share/man/man1/;
			dstSubfolderSpec = 0;
			files = (
			);
			runOnlyForDeploymentPostprocessing = 1;
		};
/* End PBXCopyFilesBuildPhase section */

/* Begin PBXFileReference section */
		08A0C3761C5198730046DE59 /* ObjectiveCExample07 */ = {isa = PBXFileReference; explicitFileType = "compiled.mach-o.executable"; includeInIndex = 0; path = ObjectiveCExample07; sourceTree = BUILT_PRODUCTS_DIR; };
		08A0C3791C5198730046DE59 /* main.m */ = {isa = PBXFileReference; lastKnownFileType = sourcecode.c.objc; path = main.m; sourceTree = "<group>"; };
		08A0C3801C519A890046DE59 /* CICCCTimerHelper.h */ = {isa = PBXFileReference; fileEncoding = 4; lastKnownFileType = sourcecode.c.h; path = CICCCTimerHelper.h; sourceTree = "<group>"; };
		08A0C3811C519A890046DE59 /* CICCCTimerHelper.m */ = {isa = PBXFileReference; fileEncoding = 4; lastKnownFileType = sourcecode.c.objc; path = CICCCTimerHelper.m; sourceTree = "<group>"; };
/* End PBXFileReference section */

/* Begin PBXFrameworksBuildPhase section */
		08A0C3731C5198720046DE59 /* Frameworks */ = {
			isa = PBXFrameworksBuildPhase;
			buildActionMask = 2147483647;
			files = (
			);
			runOnlyForDeploymentPostprocessing = 0;
		};
/* End PBXFrameworksBuildPhase section */

/* Begin PBXGroup section */
		08A0C36D1C5198720046DE59 = {
			isa = PBXGroup;
			children = (
				08A0C3781C5198730046DE59 /* ObjectiveCExample07 */,
				08A0C3771C5198730046DE59 /* Products */,
			);
			sourceTree = "<group>";
		};
		08A0C3771C5198730046DE59 /* Products */ = {
			isa = PBXGroup;
			children = (
				08A0C3761C5198730046DE59 /* ObjectiveCExample07 */,
			);
			name = Products;
			sourceTree = "<group>";
		};
		08A0C3781C5198730046DE59 /* ObjectiveCExample07 */ = {
			isa = PBXGroup;
			children = (
				08A0C3791C5198730046DE59 /* main.m */,
				08A0C3801C519A890046DE59 /* CICCCTimerHelper.h */,
				08A0C3811C519A890046DE59 /* CICCCTimerHelper.m */,
			);
			path = ObjectiveCExample07;
			sourceTree = "<group>";
		};
/* End PBXGroup section */

/* Begin PBXNativeTarget section */
		08A0C3751C5198720046DE59 /* ObjectiveCExample07 */ = {
			isa = PBXNativeTarget;
			buildConfigurationList = 08A0C37D1C5198730046DE59 /* Build configuration list for PBXNativeTarget "ObjectiveCExample07" */;
			buildPhases = (
				08A0C3721C5198720046DE59 /* Sources */,
				08A0C3731C5198720046DE59 /* Frameworks */,
				08A0C3741C5198720046DE59 /* CopyFiles */,
			);
			buildRules = (
			);
			dependencies = (
			);
			name = ObjectiveCExample07;
			productName = ObjectiveCExample07;
			productReference = 08A0C3761C5198730046DE59 /* ObjectiveCExample07 */;
			productType = "com.apple.product-type.tool";
		};
/* End PBXNativeTarget section */

/* Begin PBXProject section */
		08A0C36E1C5198720046DE59 /* Project object */ = {
			isa = PBXProject;
			attributes = {
				LastUpgradeCheck = 0720;
				ORGANIZATIONNAME = "Ideia do Luiz";
				TargetAttributes = {
					08A0C3751C5198720046DE59 = {
						CreatedOnToolsVersion = 7.2;
					};
				};
			};
			buildConfigurationList = 08A0C3711C5198720046DE59 /* Build configuration list for PBXProject "ObjectiveCExample07" */;
			compatibilityVersion = "Xcode 3.2";
			developmentRegion = English;
			hasScannedForEncodings = 0;
			knownRegions = (
				en,
			);
			mainGroup = 08A0C36D1C5198720046DE59;
			productRefGroup = 08A0C3771C5198730046DE59 /* Products */;
			projectDirPath = "";
			projectRoot = "";
			targets = (
				08A0C3751C5198720046DE59 /* ObjectiveCExample07 */,
			);
		};
/* End PBXProject section */

/* Begin PBXSourcesBuildPhase section */
		08A0C3721C5198720046DE59 /* Sources */ = {
			isa = PBXSourcesBuildPhase;
			buildActionMask = 2147483647;
			files = (
				08A0C37A1C5198730046DE59 /* main.m in Sources */,
				08A0C3821C519A890046DE59 /* CICCCTimerHelper.m in Sources */,
			);
			runOnlyForDeploymentPostprocessing = 0;
		};
/* End PBXSourcesBuildPhase section */

/* Begin XCBuildConfiguration section */
		08A0C37B1C5198730046DE59 /* Debug */ = {
			isa = XCBuildConfiguration;
			buildSettings = {
				ALWAYS_SEARCH_USER_PATHS = NO;
				CLANG_CXX_LANGUAGE_STANDARD = "gnu++0x";
				CLANG_CXX_LIBRARY = "libc++";
				CLANG_ENABLE_MODULES = YES;
				CLANG_ENABLE_OBJC_ARC = YES;
				CLANG_WARN_BOOL_CONVERSION = YES;
				CLANG_WARN_CONSTANT_CONVERSION = YES;
				CLANG_WARN_DIRECT_OBJC_ISA_USAGE = YES_ERROR;
				CLANG_WARN_EMPTY_BODY = YES;
				CLANG_WARN_ENUM_CONVERSION = YES;
				CLANG_WARN_INT_CONVERSION = YES;
				CLANG_WARN_OBJC_ROOT_CLASS = YES_ERROR;
				CLANG_WARN_UNREACHABLE_CODE = YES;
				CLANG_WARN__DUPLICATE_METHOD_MATCH = YES;
				CODE_SIGN_IDENTITY = "-";
				COPY_PHASE_STRIP = NO;
				DEBUG_INFORMATION_FORMAT = dwarf;
				ENABLE_STRICT_OBJC_MSGSEND = YES;
				ENABLE_TESTABILITY = YES;
				GCC_C_LANGUAGE_STANDARD = gnu99;
				GCC_DYNAMIC_NO_PIC = NO;
				GCC_NO_COMMON_BLOCKS = YES;
				GCC_OPTIMIZATION_LEVEL = 0;
				GCC_PREPROCESSOR_DEFINITIONS = (
					"DEBUG=1",
					"$(inherited)",
				);
				GCC_WARN_64_TO_32_BIT_CONVERSION = YES;
				GCC_WARN_ABOUT_RETURN_TYPE = YES_ERROR;
				GCC_WARN_UNDECLARED_SELECTOR = YES;
				GCC_WARN_UNINITIALIZED_AUTOS = YES_AGGRESSIVE;
				GCC_WARN_UNUSED_FUNCTION = YES;
				GCC_WARN_UNUSED_VARIABLE = YES;
				MACOSX_DEPLOYMENT_TARGET = 10.11;
				MTL_ENABLE_DEBUG_INFO = YES;
				ONLY_ACTIVE_ARCH = YES;
				SDKROOT = macosx;
			};
			name = Debug;
		};
		08A0C37C1C5198730046DE59 /* Release */ = {
			isa = XCBuildConfiguration;
			buildSettings = {
				ALWAYS_SEARCH_USER_PATHS = NO;
				CLANG_CXX_LANGUAGE_STANDARD = "gnu++0x";
				CLANG_CXX_LIBRARY = "libc++";
				CLANG_ENABLE_MODULES = YES;
				CLANG_ENABLE_OBJC_ARC = YES;
				CLANG_WARN_BOOL_CONVERSION = YES;
				CLANG_WARN_CONSTANT_CONVERSION = YES;
				CLANG_WARN_DIRECT_OBJC_ISA_USAGE = YES_ERROR;
				CLANG_WARN_EMPTY_BODY = YES;
				CLANG_WARN_ENUM_CONVERSION = YES;
				CLANG_WARN_INT_CONVERSION = YES;
				CLANG_WARN_OBJC_ROOT_CLASS = YES_ERROR;
				CLANG_WARN_UNREACHABLE_CODE = YES;
				CLANG_WARN__DUPLICATE_METHOD_MATCH = YES;
				CODE_SIGN_IDENTITY = "-";
				COPY_PHASE_STRIP = NO;
				DEBUG_INFORMATION_FORMAT = "dwarf-with-dsym";
				ENABLE_NS_ASSERTIONS = NO;
				ENABLE_STRICT_OBJC_MSGSEND = YES;
				GCC_C_LANGUAGE_STANDARD = gnu99;
				GCC_NO_COMMON_BLOCKS = YES;
				GCC_WARN_64_TO_32_BIT_CONVERSION = YES;
				GCC_WARN_ABOUT_RETURN_TYPE = YES_ERROR;
				GCC_WARN_UNDECLARED_SELECTOR = YES;
				GCC_WARN_UNINITIALIZED_AUTOS = YES_AGGRESSIVE;
				GCC_WARN_UNUSED_FUNCTION = YES;
				GCC_WARN_UNUSED_VARIABLE = YES;
				MACOSX_DEPLOYMENT_TARGET = 10.11;
				MTL_ENABLE_DEBUG_INFO = NO;
				SDKROOT = macosx;
			};
			name = Release;
		};
		08A0C37E1C5198730046DE59 /* Debug */ = {
			isa = XCBuildConfiguration;
			buildSettings = {
				PRODUCT_NAME = "$(TARGET_NAME)";
			};
			name = Debug;
		};
		08A0C37F1C5198730046DE59 /* Release */ = {
			isa = XCBuildConfiguration;
			buildSettings = {
				PRODUCT_NAME = "$(TARGET_NAME)";
			};
			name = Release;
		};
/* End XCBuildConfiguration section */

/* Begin XCConfigurationList section */
		08A0C3711C5198720046DE59 /* Build configuration list for PBXProject "ObjectiveCExample07" */ = {
			isa = XCConfigurationList;
			buildConfigurations = (
				08A0C37B1C5198730046DE59 /* Debug */,
				08A0C37C1C5198730046DE59 /* Release */,
			);
			defaultConfigurationIsVisible = 0;
			defaultConfigurationName = Release;
		};
		08A0C37D1C5198730046DE59 /* Build configuration list for PBXNativeTarget "ObjectiveCExample07" */ = {
			isa = XCConfigurationList;
			buildConfigurations = (
				08A0C37E1C5198730046DE59 /* Debug */,
				08A0C37F1C5198730046DE59 /* Release */,
			);
			defaultConfigurationIsVisible = 0;
		};
/* End XCConfigurationList section */
	};
	rootObject = 08A0C36E1C5198720046DE59 /* Project object */;
}
