// !$*UTF8*$!
{
	archiveVersion = 1;
	classes = {
	};
	objectVersion = 46;
	objects = {

/* Begin PBXBuildFile section */
		D40768F21C4EF61900B446CD /* main.m in Sources */ = {isa = PBXBuildFile; fileRef = D40768F11C4EF61900B446CD /* main.m */; };
		D40768FA1C4F1FB000B446CD /* HIROHuman.m in Sources */ = {isa = PBXBuildFile; fileRef = D40768F91C4F1FB000B446CD /* HIROHuman.m */; };
		D40768FD1C4F22E500B446CD /* HIROSoldier.m in Sources */ = {isa = PBXBuildFile; fileRef = D40768FC1C4F22E500B446CD /* HIROSoldier.m */; };
		D40769001C4F334500B446CD /* HIROWitch.m in Sources */ = {isa = PBXBuildFile; fileRef = D40768FF1C4F334500B446CD /* HIROWitch.m */; };
/* End PBXBuildFile section */

/* Begin PBXCopyFilesBuildPhase section */
		D40768EC1C4EF61800B446CD /* CopyFiles */ = {
			isa = PBXCopyFilesBuildPhase;
			buildActionMask = 2147483647;
			dstPath = /usr/share/man/man1/;
			dstSubfolderSpec = 0;
			files = (
			);
			runOnlyForDeploymentPostprocessing = 1;
		};
/* End PBXCopyFilesBuildPhase section */

/* Begin PBXFileReference section */
		D40768EE1C4EF61800B446CD /* Practice06 */ = {isa = PBXFileReference; explicitFileType = "compiled.mach-o.executable"; includeInIndex = 0; path = Practice06; sourceTree = BUILT_PRODUCTS_DIR; };
		D40768F11C4EF61900B446CD /* main.m */ = {isa = PBXFileReference; lastKnownFileType = sourcecode.c.objc; path = main.m; sourceTree = "<group>"; };
		D40768F81C4F1FB000B446CD /* HIROHuman.h */ = {isa = PBXFileReference; fileEncoding = 4; lastKnownFileType = sourcecode.c.h; path = HIROHuman.h; sourceTree = "<group>"; };
		D40768F91C4F1FB000B446CD /* HIROHuman.m */ = {isa = PBXFileReference; fileEncoding = 4; lastKnownFileType = sourcecode.c.objc; path = HIROHuman.m; sourceTree = "<group>"; };
		D40768FB1C4F22E500B446CD /* HIROSoldier.h */ = {isa = PBXFileReference; fileEncoding = 4; lastKnownFileType = sourcecode.c.h; path = HIROSoldier.h; sourceTree = "<group>"; };
		D40768FC1C4F22E500B446CD /* HIROSoldier.m */ = {isa = PBXFileReference; fileEncoding = 4; lastKnownFileType = sourcecode.c.objc; path = HIROSoldier.m; sourceTree = "<group>"; };
		D40768FE1C4F334500B446CD /* HIROWitch.h */ = {isa = PBXFileReference; fileEncoding = 4; lastKnownFileType = sourcecode.c.h; path = HIROWitch.h; sourceTree = "<group>"; };
		D40768FF1C4F334500B446CD /* HIROWitch.m */ = {isa = PBXFileReference; fileEncoding = 4; lastKnownFileType = sourcecode.c.objc; path = HIROWitch.m; sourceTree = "<group>"; };
/* End PBXFileReference section */

/* Begin PBXFrameworksBuildPhase section */
		D40768EB1C4EF61800B446CD /* Frameworks */ = {
			isa = PBXFrameworksBuildPhase;
			buildActionMask = 2147483647;
			files = (
			);
			runOnlyForDeploymentPostprocessing = 0;
		};
/* End PBXFrameworksBuildPhase section */

/* Begin PBXGroup section */
		D40768E51C4EF61800B446CD = {
			isa = PBXGroup;
			children = (
				D40768F01C4EF61800B446CD /* Practice06 */,
				D40768EF1C4EF61800B446CD /* Products */,
			);
			sourceTree = "<group>";
		};
		D40768EF1C4EF61800B446CD /* Products */ = {
			isa = PBXGroup;
			children = (
				D40768EE1C4EF61800B446CD /* Practice06 */,
			);
			name = Products;
			sourceTree = "<group>";
		};
		D40768F01C4EF61800B446CD /* Practice06 */ = {
			isa = PBXGroup;
			children = (
				D40768F11C4EF61900B446CD /* main.m */,
				D40768F81C4F1FB000B446CD /* HIROHuman.h */,
				D40768F91C4F1FB000B446CD /* HIROHuman.m */,
				D40768FB1C4F22E500B446CD /* HIROSoldier.h */,
				D40768FC1C4F22E500B446CD /* HIROSoldier.m */,
				D40768FE1C4F334500B446CD /* HIROWitch.h */,
				D40768FF1C4F334500B446CD /* HIROWitch.m */,
			);
			path = Practice06;
			sourceTree = "<group>";
		};
/* End PBXGroup section */

/* Begin PBXNativeTarget section */
		D40768ED1C4EF61800B446CD /* Practice06 */ = {
			isa = PBXNativeTarget;
			buildConfigurationList = D40768F51C4EF61900B446CD /* Build configuration list for PBXNativeTarget "Practice06" */;
			buildPhases = (
				D40768EA1C4EF61800B446CD /* Sources */,
				D40768EB1C4EF61800B446CD /* Frameworks */,
				D40768EC1C4EF61800B446CD /* CopyFiles */,
			);
			buildRules = (
			);
			dependencies = (
			);
			name = Practice06;
			productName = Practice06;
			productReference = D40768EE1C4EF61800B446CD /* Practice06 */;
			productType = "com.apple.product-type.tool";
		};
/* End PBXNativeTarget section */

/* Begin PBXProject section */
		D40768E61C4EF61800B446CD /* Project object */ = {
			isa = PBXProject;
			attributes = {
				LastUpgradeCheck = 0720;
				ORGANIZATIONNAME = "Hiroshi Tokutomi";
				TargetAttributes = {
					D40768ED1C4EF61800B446CD = {
						CreatedOnToolsVersion = 7.2;
					};
				};
			};
			buildConfigurationList = D40768E91C4EF61800B446CD /* Build configuration list for PBXProject "Practice06" */;
			compatibilityVersion = "Xcode 3.2";
			developmentRegion = English;
			hasScannedForEncodings = 0;
			knownRegions = (
				en,
			);
			mainGroup = D40768E51C4EF61800B446CD;
			productRefGroup = D40768EF1C4EF61800B446CD /* Products */;
			projectDirPath = "";
			projectRoot = "";
			targets = (
				D40768ED1C4EF61800B446CD /* Practice06 */,
			);
		};
/* End PBXProject section */

/* Begin PBXSourcesBuildPhase section */
		D40768EA1C4EF61800B446CD /* Sources */ = {
			isa = PBXSourcesBuildPhase;
			buildActionMask = 2147483647;
			files = (
				D40768F21C4EF61900B446CD /* main.m in Sources */,
				D40768FD1C4F22E500B446CD /* HIROSoldier.m in Sources */,
				D40768FA1C4F1FB000B446CD /* HIROHuman.m in Sources */,
				D40769001C4F334500B446CD /* HIROWitch.m in Sources */,
			);
			runOnlyForDeploymentPostprocessing = 0;
		};
/* End PBXSourcesBuildPhase section */

/* Begin XCBuildConfiguration section */
		D40768F31C4EF61900B446CD /* Debug */ = {
			isa = XCBuildConfiguration;
			buildSettings = {
				ALWAYS_SEARCH_USER_PATHS = NO;
				CLANG_CXX_LANGUAGE_STANDARD = "gnu++0x";
				CLANG_CXX_LIBRARY = "libc++";
				CLANG_ENABLE_MODULES = YES;
				CLANG_ENABLE_OBJC_ARC = YES;
				CLANG_WARN_BOOL_CONVERSION = YES;
				CLANG_WARN_CONSTANT_CONVERSION = YES;
				CLANG_WARN_DIRECT_OBJC_ISA_USAGE = YES_ERROR;
				CLANG_WARN_EMPTY_BODY = YES;
				CLANG_WARN_ENUM_CONVERSION = YES;
				CLANG_WARN_INT_CONVERSION = YES;
				CLANG_WARN_OBJC_ROOT_CLASS = YES_ERROR;
				CLANG_WARN_UNREACHABLE_CODE = YES;
				CLANG_WARN__DUPLICATE_METHOD_MATCH = YES;
				CODE_SIGN_IDENTITY = "-";
				COPY_PHASE_STRIP = NO;
				DEBUG_INFORMATION_FORMAT = dwarf;
				ENABLE_STRICT_OBJC_MSGSEND = YES;
				ENABLE_TESTABILITY = YES;
				GCC_C_LANGUAGE_STANDARD = gnu99;
				GCC_DYNAMIC_NO_PIC = NO;
				GCC_NO_COMMON_BLOCKS = YES;
				GCC_OPTIMIZATION_LEVEL = 0;
				GCC_PREPROCESSOR_DEFINITIONS = (
					"DEBUG=1",
					"$(inherited)",
				);
				GCC_WARN_64_TO_32_BIT_CONVERSION = YES;
				GCC_WARN_ABOUT_RETURN_TYPE = YES_ERROR;
				GCC_WARN_UNDECLARED_SELECTOR = YES;
				GCC_WARN_UNINITIALIZED_AUTOS = YES_AGGRESSIVE;
				GCC_WARN_UNUSED_FUNCTION = YES;
				GCC_WARN_UNUSED_VARIABLE = YES;
				MACOSX_DEPLOYMENT_TARGET = 10.10;
				MTL_ENABLE_DEBUG_INFO = YES;
				ONLY_ACTIVE_ARCH = YES;
				SDKROOT = macosx;
			};
			name = Debug;
		};
		D40768F41C4EF61900B446CD /* Release */ = {
			isa = XCBuildConfiguration;
			buildSettings = {
				ALWAYS_SEARCH_USER_PATHS = NO;
				CLANG_CXX_LANGUAGE_STANDARD = "gnu++0x";
				CLANG_CXX_LIBRARY = "libc++";
				CLANG_ENABLE_MODULES = YES;
				CLANG_ENABLE_OBJC_ARC = YES;
				CLANG_WARN_BOOL_CONVERSION = YES;
				CLANG_WARN_CONSTANT_CONVERSION = YES;
				CLANG_WARN_DIRECT_OBJC_ISA_USAGE = YES_ERROR;
				CLANG_WARN_EMPTY_BODY = YES;
				CLANG_WARN_ENUM_CONVERSION = YES;
				CLANG_WARN_INT_CONVERSION = YES;
				CLANG_WARN_OBJC_ROOT_CLASS = YES_ERROR;
				CLANG_WARN_UNREACHABLE_CODE = YES;
				CLANG_WARN__DUPLICATE_METHOD_MATCH = YES;
				CODE_SIGN_IDENTITY = "-";
				COPY_PHASE_STRIP = NO;
				DEBUG_INFORMATION_FORMAT = "dwarf-with-dsym";
				ENABLE_NS_ASSERTIONS = NO;
				ENABLE_STRICT_OBJC_MSGSEND = YES;
				GCC_C_LANGUAGE_STANDARD = gnu99;
				GCC_NO_COMMON_BLOCKS = YES;
				GCC_WARN_64_TO_32_BIT_CONVERSION = YES;
				GCC_WARN_ABOUT_RETURN_TYPE = YES_ERROR;
				GCC_WARN_UNDECLARED_SELECTOR = YES;
				GCC_WARN_UNINITIALIZED_AUTOS = YES_AGGRESSIVE;
				GCC_WARN_UNUSED_FUNCTION = YES;
				GCC_WARN_UNUSED_VARIABLE = YES;
				MACOSX_DEPLOYMENT_TARGET = 10.10;
				MTL_ENABLE_DEBUG_INFO = NO;
				SDKROOT = macosx;
			};
			name = Release;
		};
		D40768F61C4EF61900B446CD /* Debug */ = {
			isa = XCBuildConfiguration;
			buildSettings = {
				PRODUCT_NAME = "$(TARGET_NAME)";
			};
			name = Debug;
		};
		D40768F71C4EF61900B446CD /* Release */ = {
			isa = XCBuildConfiguration;
			buildSettings = {
				PRODUCT_NAME = "$(TARGET_NAME)";
			};
			name = Release;
		};
/* End XCBuildConfiguration section */

/* Begin XCConfigurationList section */
		D40768E91C4EF61800B446CD /* Build configuration list for PBXProject "Practice06" */ = {
			isa = XCConfigurationList;
			buildConfigurations = (
				D40768F31C4EF61900B446CD /* Debug */,
				D40768F41C4EF61900B446CD /* Release */,
			);
			defaultConfigurationIsVisible = 0;
			defaultConfigurationName = Release;
		};
		D40768F51C4EF61900B446CD /* Build configuration list for PBXNativeTarget "Practice06" */ = {
			isa = XCConfigurationList;
			buildConfigurations = (
				D40768F61C4EF61900B446CD /* Debug */,
				D40768F71C4EF61900B446CD /* Release */,
			);
			defaultConfigurationIsVisible = 0;
		};
/* End XCConfigurationList section */
	};
	rootObject = D40768E61C4EF61800B446CD /* Project object */;
}
