// !$*UTF8*$!
{
	archiveVersion = 1;
	classes = {
	};
	objectVersion = 46;
	objects = {

/* Begin PBXBuildFile section */
		08E577351C4EEAA90006A133 /* main.m in Sources */ = {isa = PBXBuildFile; fileRef = 08E577341C4EEAA90006A133 /* main.m */; };
/* End PBXBuildFile section */

/* Begin PBXCopyFilesBuildPhase section */
		08E5772F1C4EEAA90006A133 /* CopyFiles */ = {
			isa = PBXCopyFilesBuildPhase;
			buildActionMask = 2147483647;
			dstPath = /usr/share/man/man1/;
			dstSubfolderSpec = 0;
			files = (
			);
			runOnlyForDeploymentPostprocessing = 1;
		};
/* End PBXCopyFilesBuildPhase section */

/* Begin PBXFileReference section */
		08E577311C4EEAA90006A133 /* ObjectiveCExample05 */ = {isa = PBXFileReference; explicitFileType = "compiled.mach-o.executable"; includeInIndex = 0; path = ObjectiveCExample05; sourceTree = BUILT_PRODUCTS_DIR; };
		08E577341C4EEAA90006A133 /* main.m */ = {isa = PBXFileReference; lastKnownFileType = sourcecode.c.objc; path = main.m; sourceTree = "<group>"; };
/* End PBXFileReference section */

/* Begin PBXFrameworksBuildPhase section */
		08E5772E1C4EEAA90006A133 /* Frameworks */ = {
			isa = PBXFrameworksBuildPhase;
			buildActionMask = 2147483647;
			files = (
			);
			runOnlyForDeploymentPostprocessing = 0;
		};
/* End PBXFrameworksBuildPhase section */

/* Begin PBXGroup section */
		08E577281C4EEAA80006A133 = {
			isa = PBXGroup;
			children = (
				08E577331C4EEAA90006A133 /* ObjectiveCExample05 */,
				08E577321C4EEAA90006A133 /* Products */,
			);
			sourceTree = "<group>";
		};
		08E577321C4EEAA90006A133 /* Products */ = {
			isa = PBXGroup;
			children = (
				08E577311C4EEAA90006A133 /* ObjectiveCExample05 */,
			);
			name = Products;
			sourceTree = "<group>";
		};
		08E577331C4EEAA90006A133 /* ObjectiveCExample05 */ = {
			isa = PBXGroup;
			children = (
				08E577341C4EEAA90006A133 /* main.m */,
			);
			path = ObjectiveCExample05;
			sourceTree = "<group>";
		};
/* End PBXGroup section */

/* Begin PBXNativeTarget section */
		08E577301C4EEAA90006A133 /* ObjectiveCExample05 */ = {
			isa = PBXNativeTarget;
			buildConfigurationList = 08E577381C4EEAA90006A133 /* Build configuration list for PBXNativeTarget "ObjectiveCExample05" */;
			buildPhases = (
				08E5772D1C4EEAA90006A133 /* Sources */,
				08E5772E1C4EEAA90006A133 /* Frameworks */,
				08E5772F1C4EEAA90006A133 /* CopyFiles */,
			);
			buildRules = (
			);
			dependencies = (
			);
			name = ObjectiveCExample05;
			productName = ObjectiveCExample05;
			productReference = 08E577311C4EEAA90006A133 /* ObjectiveCExample05 */;
			productType = "com.apple.product-type.tool";
		};
/* End PBXNativeTarget section */

/* Begin PBXProject section */
		08E577291C4EEAA80006A133 /* Project object */ = {
			isa = PBXProject;
			attributes = {
				LastUpgradeCheck = 0720;
				ORGANIZATIONNAME = "Ideia do Luiz";
				TargetAttributes = {
					08E577301C4EEAA90006A133 = {
						CreatedOnToolsVersion = 7.2;
					};
				};
			};
			buildConfigurationList = 08E5772C1C4EEAA80006A133 /* Build configuration list for PBXProject "ObjectiveCExample05" */;
			compatibilityVersion = "Xcode 3.2";
			developmentRegion = English;
			hasScannedForEncodings = 0;
			knownRegions = (
				en,
			);
			mainGroup = 08E577281C4EEAA80006A133;
			productRefGroup = 08E577321C4EEAA90006A133 /* Products */;
			projectDirPath = "";
			projectRoot = "";
			targets = (
				08E577301C4EEAA90006A133 /* ObjectiveCExample05 */,
			);
		};
/* End PBXProject section */

/* Begin PBXSourcesBuildPhase section */
		08E5772D1C4EEAA90006A133 /* Sources */ = {
			isa = PBXSourcesBuildPhase;
			buildActionMask = 2147483647;
			files = (
				08E577351C4EEAA90006A133 /* main.m in Sources */,
			);
			runOnlyForDeploymentPostprocessing = 0;
		};
/* End PBXSourcesBuildPhase section */

/* Begin XCBuildConfiguration section */
		08E577361C4EEAA90006A133 /* Debug */ = {
			isa = XCBuildConfiguration;
			buildSettings = {
				ALWAYS_SEARCH_USER_PATHS = NO;
				CLANG_CXX_LANGUAGE_STANDARD = "gnu++0x";
				CLANG_CXX_LIBRARY = "libc++";
				CLANG_ENABLE_MODULES = YES;
				CLANG_ENABLE_OBJC_ARC = YES;
				CLANG_WARN_BOOL_CONVERSION = YES;
				CLANG_WARN_CONSTANT_CONVERSION = YES;
				CLANG_WARN_DIRECT_OBJC_ISA_USAGE = YES_ERROR;
				CLANG_WARN_EMPTY_BODY = YES;
				CLANG_WARN_ENUM_CONVERSION = YES;
				CLANG_WARN_INT_CONVERSION = YES;
				CLANG_WARN_OBJC_ROOT_CLASS = YES_ERROR;
				CLANG_WARN_UNREACHABLE_CODE = YES;
				CLANG_WARN__DUPLICATE_METHOD_MATCH = YES;
				CODE_SIGN_IDENTITY = "-";
				COPY_PHASE_STRIP = NO;
				DEBUG_INFORMATION_FORMAT = dwarf;
				ENABLE_STRICT_OBJC_MSGSEND = YES;
				ENABLE_TESTABILITY = YES;
				GCC_C_LANGUAGE_STANDARD = gnu99;
				GCC_DYNAMIC_NO_PIC = NO;
				GCC_NO_COMMON_BLOCKS = YES;
				GCC_OPTIMIZATION_LEVEL = 0;
				GCC_PREPROCESSOR_DEFINITIONS = (
					"DEBUG=1",
					"$(inherited)",
				);
				GCC_WARN_64_TO_32_BIT_CONVERSION = YES;
				GCC_WARN_ABOUT_RETURN_TYPE = YES_ERROR;
				GCC_WARN_UNDECLARED_SELECTOR = YES;
				GCC_WARN_UNINITIALIZED_AUTOS = YES_AGGRESSIVE;
				GCC_WARN_UNUSED_FUNCTION = YES;
				GCC_WARN_UNUSED_VARIABLE = YES;
				MACOSX_DEPLOYMENT_TARGET = 10.11;
				MTL_ENABLE_DEBUG_INFO = YES;
				ONLY_ACTIVE_ARCH = YES;
				SDKROOT = macosx;
			};
			name = Debug;
		};
		08E577371C4EEAA90006A133 /* Release */ = {
			isa = XCBuildConfiguration;
			buildSettings = {
				ALWAYS_SEARCH_USER_PATHS = NO;
				CLANG_CXX_LANGUAGE_STANDARD = "gnu++0x";
				CLANG_CXX_LIBRARY = "libc++";
				CLANG_ENABLE_MODULES = YES;
				CLANG_ENABLE_OBJC_ARC = YES;
				CLANG_WARN_BOOL_CONVERSION = YES;
				CLANG_WARN_CONSTANT_CONVERSION = YES;
				CLANG_WARN_DIRECT_OBJC_ISA_USAGE = YES_ERROR;
				CLANG_WARN_EMPTY_BODY = YES;
				CLANG_WARN_ENUM_CONVERSION = YES;
				CLANG_WARN_INT_CONVERSION = YES;
				CLANG_WARN_OBJC_ROOT_CLASS = YES_ERROR;
				CLANG_WARN_UNREACHABLE_CODE = YES;
				CLANG_WARN__DUPLICATE_METHOD_MATCH = YES;
				CODE_SIGN_IDENTITY = "-";
				COPY_PHASE_STRIP = NO;
				DEBUG_INFORMATION_FORMAT = "dwarf-with-dsym";
				ENABLE_NS_ASSERTIONS = NO;
				ENABLE_STRICT_OBJC_MSGSEND = YES;
				GCC_C_LANGUAGE_STANDARD = gnu99;
				GCC_NO_COMMON_BLOCKS = YES;
				GCC_WARN_64_TO_32_BIT_CONVERSION = YES;
				GCC_WARN_ABOUT_RETURN_TYPE = YES_ERROR;
				GCC_WARN_UNDECLARED_SELECTOR = YES;
				GCC_WARN_UNINITIALIZED_AUTOS = YES_AGGRESSIVE;
				GCC_WARN_UNUSED_FUNCTION = YES;
				GCC_WARN_UNUSED_VARIABLE = YES;
				MACOSX_DEPLOYMENT_TARGET = 10.11;
				MTL_ENABLE_DEBUG_INFO = NO;
				SDKROOT = macosx;
			};
			name = Release;
		};
		08E577391C4EEAA90006A133 /* Debug */ = {
			isa = XCBuildConfiguration;
			buildSettings = {
				PRODUCT_NAME = "$(TARGET_NAME)";
			};
			name = Debug;
		};
		08E5773A1C4EEAA90006A133 /* Release */ = {
			isa = XCBuildConfiguration;
			buildSettings = {
				PRODUCT_NAME = "$(TARGET_NAME)";
			};
			name = Release;
		};
/* End XCBuildConfiguration section */

/* Begin XCConfigurationList section */
		08E5772C1C4EEAA80006A133 /* Build configuration list for PBXProject "ObjectiveCExample05" */ = {
			isa = XCConfigurationList;
			buildConfigurations = (
				08E577361C4EEAA90006A133 /* Debug */,
				08E577371C4EEAA90006A133 /* Release */,
			);
			defaultConfigurationIsVisible = 0;
			defaultConfigurationName = Release;
		};
		08E577381C4EEAA90006A133 /* Build configuration list for PBXNativeTarget "ObjectiveCExample05" */ = {
			isa = XCConfigurationList;
			buildConfigurations = (
				08E577391C4EEAA90006A133 /* Debug */,
				08E5773A1C4EEAA90006A133 /* Release */,
			);
			defaultConfigurationIsVisible = 0;
		};
/* End XCConfigurationList section */
	};
	rootObject = 08E577291C4EEAA80006A133 /* Project object */;
}
