// !$*UTF8*$!
{
	archiveVersion = 1;
	classes = {
	};
	objectVersion = 46;
	objects = {

/* Begin PBXBuildFile section */
		086E2CF31C45CFE20055870B /* main.m in Sources */ = {isa = PBXBuildFile; fileRef = 086E2CF21C45CFE20055870B /* main.m */; };
		086E2CFB1C45D0070055870B /* CICCCStudent.m in Sources */ = {isa = PBXBuildFile; fileRef = 086E2CFA1C45D0070055870B /* CICCCStudent.m */; };
/* End PBXBuildFile section */

/* Begin PBXCopyFilesBuildPhase section */
		086E2CED1C45CFE10055870B /* CopyFiles */ = {
			isa = PBXCopyFilesBuildPhase;
			buildActionMask = 2147483647;
			dstPath = /usr/share/man/man1/;
			dstSubfolderSpec = 0;
			files = (
			);
			runOnlyForDeploymentPostprocessing = 1;
		};
/* End PBXCopyFilesBuildPhase section */

/* Begin PBXFileReference section */
		086E2CEF1C45CFE20055870B /* ObjectiveCExample02 */ = {isa = PBXFileReference; explicitFileType = "compiled.mach-o.executable"; includeInIndex = 0; path = ObjectiveCExample02; sourceTree = BUILT_PRODUCTS_DIR; };
		086E2CF21C45CFE20055870B /* main.m */ = {isa = PBXFileReference; lastKnownFileType = sourcecode.c.objc; path = main.m; sourceTree = "<group>"; };
		086E2CF91C45D0070055870B /* CICCCStudent.h */ = {isa = PBXFileReference; fileEncoding = 4; lastKnownFileType = sourcecode.c.h; path = CICCCStudent.h; sourceTree = "<group>"; };
		086E2CFA1C45D0070055870B /* CICCCStudent.m */ = {isa = PBXFileReference; fileEncoding = 4; lastKnownFileType = sourcecode.c.objc; path = CICCCStudent.m; sourceTree = "<group>"; };
/* End PBXFileReference section */

/* Begin PBXFrameworksBuildPhase section */
		086E2CEC1C45CFE10055870B /* Frameworks */ = {
			isa = PBXFrameworksBuildPhase;
			buildActionMask = 2147483647;
			files = (
			);
			runOnlyForDeploymentPostprocessing = 0;
		};
/* End PBXFrameworksBuildPhase section */

/* Begin PBXGroup section */
		086E2CE61C45CFE10055870B = {
			isa = PBXGroup;
			children = (
				086E2CF11C45CFE20055870B /* ObjectiveCExample02 */,
				086E2CF01C45CFE20055870B /* Products */,
			);
			sourceTree = "<group>";
		};
		086E2CF01C45CFE20055870B /* Products */ = {
			isa = PBXGroup;
			children = (
				086E2CEF1C45CFE20055870B /* ObjectiveCExample02 */,
			);
			name = Products;
			sourceTree = "<group>";
		};
		086E2CF11C45CFE20055870B /* ObjectiveCExample02 */ = {
			isa = PBXGroup;
			children = (
				086E2CF21C45CFE20055870B /* main.m */,
				086E2CF91C45D0070055870B /* CICCCStudent.h */,
				086E2CFA1C45D0070055870B /* CICCCStudent.m */,
			);
			path = ObjectiveCExample02;
			sourceTree = "<group>";
		};
/* End PBXGroup section */

/* Begin PBXNativeTarget section */
		086E2CEE1C45CFE10055870B /* ObjectiveCExample02 */ = {
			isa = PBXNativeTarget;
			buildConfigurationList = 086E2CF61C45CFE20055870B /* Build configuration list for PBXNativeTarget "ObjectiveCExample02" */;
			buildPhases = (
				086E2CEB1C45CFE10055870B /* Sources */,
				086E2CEC1C45CFE10055870B /* Frameworks */,
				086E2CED1C45CFE10055870B /* CopyFiles */,
			);
			buildRules = (
			);
			dependencies = (
			);
			name = ObjectiveCExample02;
			productName = ObjectiveCExample02;
			productReference = 086E2CEF1C45CFE20055870B /* ObjectiveCExample02 */;
			productType = "com.apple.product-type.tool";
		};
/* End PBXNativeTarget section */

/* Begin PBXProject section */
		086E2CE71C45CFE10055870B /* Project object */ = {
			isa = PBXProject;
			attributes = {
				LastUpgradeCheck = 0720;
				ORGANIZATIONNAME = "Ideia do Luiz";
				TargetAttributes = {
					086E2CEE1C45CFE10055870B = {
						CreatedOnToolsVersion = 7.2;
					};
				};
			};
			buildConfigurationList = 086E2CEA1C45CFE10055870B /* Build configuration list for PBXProject "ObjectiveCExample02" */;
			compatibilityVersion = "Xcode 3.2";
			developmentRegion = English;
			hasScannedForEncodings = 0;
			knownRegions = (
				en,
			);
			mainGroup = 086E2CE61C45CFE10055870B;
			productRefGroup = 086E2CF01C45CFE20055870B /* Products */;
			projectDirPath = "";
			projectRoot = "";
			targets = (
				086E2CEE1C45CFE10055870B /* ObjectiveCExample02 */,
			);
		};
/* End PBXProject section */

/* Begin PBXSourcesBuildPhase section */
		086E2CEB1C45CFE10055870B /* Sources */ = {
			isa = PBXSourcesBuildPhase;
			buildActionMask = 2147483647;
			files = (
				086E2CF31C45CFE20055870B /* main.m in Sources */,
				086E2CFB1C45D0070055870B /* CICCCStudent.m in Sources */,
			);
			runOnlyForDeploymentPostprocessing = 0;
		};
/* End PBXSourcesBuildPhase section */

/* Begin XCBuildConfiguration section */
		086E2CF41C45CFE20055870B /* Debug */ = {
			isa = XCBuildConfiguration;
			buildSettings = {
				ALWAYS_SEARCH_USER_PATHS = NO;
				CLANG_CXX_LANGUAGE_STANDARD = "gnu++0x";
				CLANG_CXX_LIBRARY = "libc++";
				CLANG_ENABLE_MODULES = YES;
				CLANG_ENABLE_OBJC_ARC = YES;
				CLANG_WARN_BOOL_CONVERSION = YES;
				CLANG_WARN_CONSTANT_CONVERSION = YES;
				CLANG_WARN_DIRECT_OBJC_ISA_USAGE = YES_ERROR;
				CLANG_WARN_EMPTY_BODY = YES;
				CLANG_WARN_ENUM_CONVERSION = YES;
				CLANG_WARN_INT_CONVERSION = YES;
				CLANG_WARN_OBJC_ROOT_CLASS = YES_ERROR;
				CLANG_WARN_UNREACHABLE_CODE = YES;
				CLANG_WARN__DUPLICATE_METHOD_MATCH = YES;
				CODE_SIGN_IDENTITY = "-";
				COPY_PHASE_STRIP = NO;
				DEBUG_INFORMATION_FORMAT = dwarf;
				ENABLE_STRICT_OBJC_MSGSEND = YES;
				ENABLE_TESTABILITY = YES;
				GCC_C_LANGUAGE_STANDARD = gnu99;
				GCC_DYNAMIC_NO_PIC = NO;
				GCC_NO_COMMON_BLOCKS = YES;
				GCC_OPTIMIZATION_LEVEL = 0;
				GCC_PREPROCESSOR_DEFINITIONS = (
					"DEBUG=1",
					"$(inherited)",
				);
				GCC_WARN_64_TO_32_BIT_CONVERSION = YES;
				GCC_WARN_ABOUT_RETURN_TYPE = YES_ERROR;
				GCC_WARN_UNDECLARED_SELECTOR = YES;
				GCC_WARN_UNINITIALIZED_AUTOS = YES_AGGRESSIVE;
				GCC_WARN_UNUSED_FUNCTION = YES;
				GCC_WARN_UNUSED_VARIABLE = YES;
				MACOSX_DEPLOYMENT_TARGET = 10.11;
				MTL_ENABLE_DEBUG_INFO = YES;
				ONLY_ACTIVE_ARCH = YES;
				SDKROOT = macosx;
			};
			name = Debug;
		};
		086E2CF51C45CFE20055870B /* Release */ = {
			isa = XCBuildConfiguration;
			buildSettings = {
				ALWAYS_SEARCH_USER_PATHS = NO;
				CLANG_CXX_LANGUAGE_STANDARD = "gnu++0x";
				CLANG_CXX_LIBRARY = "libc++";
				CLANG_ENABLE_MODULES = YES;
				CLANG_ENABLE_OBJC_ARC = YES;
				CLANG_WARN_BOOL_CONVERSION = YES;
				CLANG_WARN_CONSTANT_CONVERSION = YES;
				CLANG_WARN_DIRECT_OBJC_ISA_USAGE = YES_ERROR;
				CLANG_WARN_EMPTY_BODY = YES;
				CLANG_WARN_ENUM_CONVERSION = YES;
				CLANG_WARN_INT_CONVERSION = YES;
				CLANG_WARN_OBJC_ROOT_CLASS = YES_ERROR;
				CLANG_WARN_UNREACHABLE_CODE = YES;
				CLANG_WARN__DUPLICATE_METHOD_MATCH = YES;
				CODE_SIGN_IDENTITY = "-";
				COPY_PHASE_STRIP = NO;
				DEBUG_INFORMATION_FORMAT = "dwarf-with-dsym";
				ENABLE_NS_ASSERTIONS = NO;
				ENABLE_STRICT_OBJC_MSGSEND = YES;
				GCC_C_LANGUAGE_STANDARD = gnu99;
				GCC_NO_COMMON_BLOCKS = YES;
				GCC_WARN_64_TO_32_BIT_CONVERSION = YES;
				GCC_WARN_ABOUT_RETURN_TYPE = YES_ERROR;
				GCC_WARN_UNDECLARED_SELECTOR = YES;
				GCC_WARN_UNINITIALIZED_AUTOS = YES_AGGRESSIVE;
				GCC_WARN_UNUSED_FUNCTION = YES;
				GCC_WARN_UNUSED_VARIABLE = YES;
				MACOSX_DEPLOYMENT_TARGET = 10.11;
				MTL_ENABLE_DEBUG_INFO = NO;
				SDKROOT = macosx;
			};
			name = Release;
		};
		086E2CF71C45CFE20055870B /* Debug */ = {
			isa = XCBuildConfiguration;
			buildSettings = {
				PRODUCT_NAME = "$(TARGET_NAME)";
			};
			name = Debug;
		};
		086E2CF81C45CFE20055870B /* Release */ = {
			isa = XCBuildConfiguration;
			buildSettings = {
				PRODUCT_NAME = "$(TARGET_NAME)";
			};
			name = Release;
		};
/* End XCBuildConfiguration section */

/* Begin XCConfigurationList section */
		086E2CEA1C45CFE10055870B /* Build configuration list for PBXProject "ObjectiveCExample02" */ = {
			isa = XCConfigurationList;
			buildConfigurations = (
				086E2CF41C45CFE20055870B /* Debug */,
				086E2CF51C45CFE20055870B /* Release */,
			);
			defaultConfigurationIsVisible = 0;
			defaultConfigurationName = Release;
		};
		086E2CF61C45CFE20055870B /* Build configuration list for PBXNativeTarget "ObjectiveCExample02" */ = {
			isa = XCConfigurationList;
			buildConfigurations = (
				086E2CF71C45CFE20055870B /* Debug */,
				086E2CF81C45CFE20055870B /* Release */,
			);
			defaultConfigurationIsVisible = 0;
		};
/* End XCConfigurationList section */
	};
	rootObject = 086E2CE71C45CFE10055870B /* Project object */;
}
