// !$*UTF8*$!
{
	archiveVersion = 1;
	classes = {
	};
	objectVersion = 46;
	objects = {

/* Begin PBXBuildFile section */
		0806C4031C52E1EA006030A3 /* main.m in Sources */ = {isa = PBXBuildFile; fileRef = 0806C4021C52E1EA006030A3 /* main.m */; };
		0806C40B1C52E22F006030A3 /* CICCCAnimal.m in Sources */ = {isa = PBXBuildFile; fileRef = 0806C40A1C52E22F006030A3 /* CICCCAnimal.m */; };
		0806C40E1C52E72A006030A3 /* CICCCLion.m in Sources */ = {isa = PBXBuildFile; fileRef = 0806C40D1C52E72A006030A3 /* CICCCLion.m */; };
		0806C4141C52E998006030A3 /* CICCCDeer.m in Sources */ = {isa = PBXBuildFile; fileRef = 0806C4131C52E998006030A3 /* CICCCDeer.m */; };
		0806C4171C52EADB006030A3 /* CICCCSnake.m in Sources */ = {isa = PBXBuildFile; fileRef = 0806C4161C52EADB006030A3 /* CICCCSnake.m */; };
/* End PBXBuildFile section */

/* Begin PBXCopyFilesBuildPhase section */
		0806C3FD1C52E1EA006030A3 /* CopyFiles */ = {
			isa = PBXCopyFilesBuildPhase;
			buildActionMask = 2147483647;
			dstPath = /usr/share/man/man1/;
			dstSubfolderSpec = 0;
			files = (
			);
			runOnlyForDeploymentPostprocessing = 1;
		};
/* End PBXCopyFilesBuildPhase section */

/* Begin PBXFileReference section */
		0806C3FF1C52E1EA006030A3 /* protocol */ = {isa = PBXFileReference; explicitFileType = "compiled.mach-o.executable"; includeInIndex = 0; path = protocol; sourceTree = BUILT_PRODUCTS_DIR; };
		0806C4021C52E1EA006030A3 /* main.m */ = {isa = PBXFileReference; lastKnownFileType = sourcecode.c.objc; path = main.m; sourceTree = "<group>"; };
		0806C4091C52E22F006030A3 /* CICCCAnimal.h */ = {isa = PBXFileReference; fileEncoding = 4; lastKnownFileType = sourcecode.c.h; path = CICCCAnimal.h; sourceTree = "<group>"; };
		0806C40A1C52E22F006030A3 /* CICCCAnimal.m */ = {isa = PBXFileReference; fileEncoding = 4; lastKnownFileType = sourcecode.c.objc; path = CICCCAnimal.m; sourceTree = "<group>"; };
		0806C40C1C52E72A006030A3 /* CICCCLion.h */ = {isa = PBXFileReference; fileEncoding = 4; lastKnownFileType = sourcecode.c.h; path = CICCCLion.h; sourceTree = "<group>"; };
		0806C40D1C52E72A006030A3 /* CICCCLion.m */ = {isa = PBXFileReference; fileEncoding = 4; lastKnownFileType = sourcecode.c.objc; path = CICCCLion.m; sourceTree = "<group>"; };
		0806C4121C52E998006030A3 /* CICCCDeer.h */ = {isa = PBXFileReference; fileEncoding = 4; lastKnownFileType = sourcecode.c.h; path = CICCCDeer.h; sourceTree = "<group>"; };
		0806C4131C52E998006030A3 /* CICCCDeer.m */ = {isa = PBXFileReference; fileEncoding = 4; lastKnownFileType = sourcecode.c.objc; path = CICCCDeer.m; sourceTree = "<group>"; };
		0806C4151C52EADB006030A3 /* CICCCSnake.h */ = {isa = PBXFileReference; fileEncoding = 4; lastKnownFileType = sourcecode.c.h; path = CICCCSnake.h; sourceTree = "<group>"; };
		0806C4161C52EADB006030A3 /* CICCCSnake.m */ = {isa = PBXFileReference; fileEncoding = 4; lastKnownFileType = sourcecode.c.objc; path = CICCCSnake.m; sourceTree = "<group>"; };
/* End PBXFileReference section */

/* Begin PBXFrameworksBuildPhase section */
		0806C3FC1C52E1EA006030A3 /* Frameworks */ = {
			isa = PBXFrameworksBuildPhase;
			buildActionMask = 2147483647;
			files = (
			);
			runOnlyForDeploymentPostprocessing = 0;
		};
/* End PBXFrameworksBuildPhase section */

/* Begin PBXGroup section */
		0806C3F61C52E1E9006030A3 = {
			isa = PBXGroup;
			children = (
				0806C4011C52E1EA006030A3 /* protocol */,
				0806C4001C52E1EA006030A3 /* Products */,
			);
			sourceTree = "<group>";
		};
		0806C4001C52E1EA006030A3 /* Products */ = {
			isa = PBXGroup;
			children = (
				0806C3FF1C52E1EA006030A3 /* protocol */,
			);
			name = Products;
			sourceTree = "<group>";
		};
		0806C4011C52E1EA006030A3 /* protocol */ = {
			isa = PBXGroup;
			children = (
				0806C4021C52E1EA006030A3 /* main.m */,
				0806C4151C52EADB006030A3 /* CICCCSnake.h */,
				0806C4161C52EADB006030A3 /* CICCCSnake.m */,
				0806C4121C52E998006030A3 /* CICCCDeer.h */,
				0806C4131C52E998006030A3 /* CICCCDeer.m */,
				0806C4091C52E22F006030A3 /* CICCCAnimal.h */,
				0806C40A1C52E22F006030A3 /* CICCCAnimal.m */,
				0806C40C1C52E72A006030A3 /* CICCCLion.h */,
				0806C40D1C52E72A006030A3 /* CICCCLion.m */,
			);
			path = protocol;
			sourceTree = "<group>";
		};
/* End PBXGroup section */

/* Begin PBXNativeTarget section */
		0806C3FE1C52E1EA006030A3 /* protocol */ = {
			isa = PBXNativeTarget;
			buildConfigurationList = 0806C4061C52E1EA006030A3 /* Build configuration list for PBXNativeTarget "protocol" */;
			buildPhases = (
				0806C3FB1C52E1EA006030A3 /* Sources */,
				0806C3FC1C52E1EA006030A3 /* Frameworks */,
				0806C3FD1C52E1EA006030A3 /* CopyFiles */,
			);
			buildRules = (
			);
			dependencies = (
			);
			name = protocol;
			productName = protocol;
			productReference = 0806C3FF1C52E1EA006030A3 /* protocol */;
			productType = "com.apple.product-type.tool";
		};
/* End PBXNativeTarget section */

/* Begin PBXProject section */
		0806C3F71C52E1E9006030A3 /* Project object */ = {
			isa = PBXProject;
			attributes = {
				LastUpgradeCheck = 0720;
				ORGANIZATIONNAME = "Ideia do Luiz";
				TargetAttributes = {
					0806C3FE1C52E1EA006030A3 = {
						CreatedOnToolsVersion = 7.2;
					};
				};
			};
			buildConfigurationList = 0806C3FA1C52E1E9006030A3 /* Build configuration list for PBXProject "protocol" */;
			compatibilityVersion = "Xcode 3.2";
			developmentRegion = English;
			hasScannedForEncodings = 0;
			knownRegions = (
				en,
			);
			mainGroup = 0806C3F61C52E1E9006030A3;
			productRefGroup = 0806C4001C52E1EA006030A3 /* Products */;
			projectDirPath = "";
			projectRoot = "";
			targets = (
				0806C3FE1C52E1EA006030A3 /* protocol */,
			);
		};
/* End PBXProject section */

/* Begin PBXSourcesBuildPhase section */
		0806C3FB1C52E1EA006030A3 /* Sources */ = {
			isa = PBXSourcesBuildPhase;
			buildActionMask = 2147483647;
			files = (
				0806C4031C52E1EA006030A3 /* main.m in Sources */,
				0806C40B1C52E22F006030A3 /* CICCCAnimal.m in Sources */,
				0806C4171C52EADB006030A3 /* CICCCSnake.m in Sources */,
				0806C40E1C52E72A006030A3 /* CICCCLion.m in Sources */,
				0806C4141C52E998006030A3 /* CICCCDeer.m in Sources */,
			);
			runOnlyForDeploymentPostprocessing = 0;
		};
/* End PBXSourcesBuildPhase section */

/* Begin XCBuildConfiguration section */
		0806C4041C52E1EA006030A3 /* Debug */ = {
			isa = XCBuildConfiguration;
			buildSettings = {
				ALWAYS_SEARCH_USER_PATHS = NO;
				CLANG_CXX_LANGUAGE_STANDARD = "gnu++0x";
				CLANG_CXX_LIBRARY = "libc++";
				CLANG_ENABLE_MODULES = YES;
				CLANG_ENABLE_OBJC_ARC = YES;
				CLANG_WARN_BOOL_CONVERSION = YES;
				CLANG_WARN_CONSTANT_CONVERSION = YES;
				CLANG_WARN_DIRECT_OBJC_ISA_USAGE = YES_ERROR;
				CLANG_WARN_EMPTY_BODY = YES;
				CLANG_WARN_ENUM_CONVERSION = YES;
				CLANG_WARN_INT_CONVERSION = YES;
				CLANG_WARN_OBJC_ROOT_CLASS = YES_ERROR;
				CLANG_WARN_UNREACHABLE_CODE = YES;
				CLANG_WARN__DUPLICATE_METHOD_MATCH = YES;
				CODE_SIGN_IDENTITY = "-";
				COPY_PHASE_STRIP = NO;
				DEBUG_INFORMATION_FORMAT = dwarf;
				ENABLE_STRICT_OBJC_MSGSEND = YES;
				ENABLE_TESTABILITY = YES;
				GCC_C_LANGUAGE_STANDARD = gnu99;
				GCC_DYNAMIC_NO_PIC = NO;
				GCC_NO_COMMON_BLOCKS = YES;
				GCC_OPTIMIZATION_LEVEL = 0;
				GCC_PREPROCESSOR_DEFINITIONS = (
					"DEBUG=1",
					"$(inherited)",
				);
				GCC_WARN_64_TO_32_BIT_CONVERSION = YES;
				GCC_WARN_ABOUT_RETURN_TYPE = YES_ERROR;
				GCC_WARN_UNDECLARED_SELECTOR = YES;
				GCC_WARN_UNINITIALIZED_AUTOS = YES_AGGRESSIVE;
				GCC_WARN_UNUSED_FUNCTION = YES;
				GCC_WARN_UNUSED_VARIABLE = YES;
				MACOSX_DEPLOYMENT_TARGET = 10.11;
				MTL_ENABLE_DEBUG_INFO = YES;
				ONLY_ACTIVE_ARCH = YES;
				SDKROOT = macosx;
			};
			name = Debug;
		};
		0806C4051C52E1EA006030A3 /* Release */ = {
			isa = XCBuildConfiguration;
			buildSettings = {
				ALWAYS_SEARCH_USER_PATHS = NO;
				CLANG_CXX_LANGUAGE_STANDARD = "gnu++0x";
				CLANG_CXX_LIBRARY = "libc++";
				CLANG_ENABLE_MODULES = YES;
				CLANG_ENABLE_OBJC_ARC = YES;
				CLANG_WARN_BOOL_CONVERSION = YES;
				CLANG_WARN_CONSTANT_CONVERSION = YES;
				CLANG_WARN_DIRECT_OBJC_ISA_USAGE = YES_ERROR;
				CLANG_WARN_EMPTY_BODY = YES;
				CLANG_WARN_ENUM_CONVERSION = YES;
				CLANG_WARN_INT_CONVERSION = YES;
				CLANG_WARN_OBJC_ROOT_CLASS = YES_ERROR;
				CLANG_WARN_UNREACHABLE_CODE = YES;
				CLANG_WARN__DUPLICATE_METHOD_MATCH = YES;
				CODE_SIGN_IDENTITY = "-";
				COPY_PHASE_STRIP = NO;
				DEBUG_INFORMATION_FORMAT = "dwarf-with-dsym";
				ENABLE_NS_ASSERTIONS = NO;
				ENABLE_STRICT_OBJC_MSGSEND = YES;
				GCC_C_LANGUAGE_STANDARD = gnu99;
				GCC_NO_COMMON_BLOCKS = YES;
				GCC_WARN_64_TO_32_BIT_CONVERSION = YES;
				GCC_WARN_ABOUT_RETURN_TYPE = YES_ERROR;
				GCC_WARN_UNDECLARED_SELECTOR = YES;
				GCC_WARN_UNINITIALIZED_AUTOS = YES_AGGRESSIVE;
				GCC_WARN_UNUSED_FUNCTION = YES;
				GCC_WARN_UNUSED_VARIABLE = YES;
				MACOSX_DEPLOYMENT_TARGET = 10.11;
				MTL_ENABLE_DEBUG_INFO = NO;
				SDKROOT = macosx;
			};
			name = Release;
		};
		0806C4071C52E1EA006030A3 /* Debug */ = {
			isa = XCBuildConfiguration;
			buildSettings = {
				PRODUCT_NAME = "$(TARGET_NAME)";
			};
			name = Debug;
		};
		0806C4081C52E1EA006030A3 /* Release */ = {
			isa = XCBuildConfiguration;
			buildSettings = {
				PRODUCT_NAME = "$(TARGET_NAME)";
			};
			name = Release;
		};
/* End XCBuildConfiguration section */

/* Begin XCConfigurationList section */
		0806C3FA1C52E1E9006030A3 /* Build configuration list for PBXProject "protocol" */ = {
			isa = XCConfigurationList;
			buildConfigurations = (
				0806C4041C52E1EA006030A3 /* Debug */,
				0806C4051C52E1EA006030A3 /* Release */,
			);
			defaultConfigurationIsVisible = 0;
			defaultConfigurationName = Release;
		};
		0806C4061C52E1EA006030A3 /* Build configuration list for PBXNativeTarget "protocol" */ = {
			isa = XCConfigurationList;
			buildConfigurations = (
				0806C4071C52E1EA006030A3 /* Debug */,
				0806C4081C52E1EA006030A3 /* Release */,
			);
			defaultConfigurationIsVisible = 0;
		};
/* End XCConfigurationList section */
	};
	rootObject = 0806C3F71C52E1E9006030A3 /* Project object */;
}
