// !$*UTF8*$!
{
	archiveVersion = 1;
	classes = {
	};
	objectVersion = 46;
	objects = {

/* Begin PBXBuildFile section */
		1C359D251C48760000CE6E14 /* main.m in Sources */ = {isa = PBXBuildFile; fileRef = 1C359D241C48760000CE6E14 /* main.m */; };
		1C359D2D1C48765500CE6E14 /* CICCCAnimal.m in Sources */ = {isa = PBXBuildFile; fileRef = 1C359D2C1C48765500CE6E14 /* CICCCAnimal.m */; };
/* End PBXBuildFile section */

/* Begin PBXCopyFilesBuildPhase section */
		1C359D1F1C48760000CE6E14 /* CopyFiles */ = {
			isa = PBXCopyFilesBuildPhase;
			buildActionMask = 2147483647;
			dstPath = /usr/share/man/man1/;
			dstSubfolderSpec = 0;
			files = (
			);
			runOnlyForDeploymentPostprocessing = 1;
		};
/* End PBXCopyFilesBuildPhase section */

/* Begin PBXFileReference section */
		1C359D211C48760000CE6E14 /* ObjectiveCExample04 */ = {isa = PBXFileReference; explicitFileType = "compiled.mach-o.executable"; includeInIndex = 0; path = ObjectiveCExample04; sourceTree = BUILT_PRODUCTS_DIR; };
		1C359D241C48760000CE6E14 /* main.m */ = {isa = PBXFileReference; lastKnownFileType = sourcecode.c.objc; path = main.m; sourceTree = "<group>"; };
		1C359D2B1C48765500CE6E14 /* CICCCAnimal.h */ = {isa = PBXFileReference; fileEncoding = 4; lastKnownFileType = sourcecode.c.h; path = CICCCAnimal.h; sourceTree = "<group>"; };
		1C359D2C1C48765500CE6E14 /* CICCCAnimal.m */ = {isa = PBXFileReference; fileEncoding = 4; lastKnownFileType = sourcecode.c.objc; path = CICCCAnimal.m; sourceTree = "<group>"; };
/* End PBXFileReference section */

/* Begin PBXFrameworksBuildPhase section */
		1C359D1E1C48760000CE6E14 /* Frameworks */ = {
			isa = PBXFrameworksBuildPhase;
			buildActionMask = 2147483647;
			files = (
			);
			runOnlyForDeploymentPostprocessing = 0;
		};
/* End PBXFrameworksBuildPhase section */

/* Begin PBXGroup section */
		1C359D181C48760000CE6E14 = {
			isa = PBXGroup;
			children = (
				1C359D231C48760000CE6E14 /* ObjectiveCExample04 */,
				1C359D221C48760000CE6E14 /* Products */,
			);
			sourceTree = "<group>";
		};
		1C359D221C48760000CE6E14 /* Products */ = {
			isa = PBXGroup;
			children = (
				1C359D211C48760000CE6E14 /* ObjectiveCExample04 */,
			);
			name = Products;
			sourceTree = "<group>";
		};
		1C359D231C48760000CE6E14 /* ObjectiveCExample04 */ = {
			isa = PBXGroup;
			children = (
				1C359D241C48760000CE6E14 /* main.m */,
				1C359D2B1C48765500CE6E14 /* CICCCAnimal.h */,
				1C359D2C1C48765500CE6E14 /* CICCCAnimal.m */,
			);
			path = ObjectiveCExample04;
			sourceTree = "<group>";
		};
/* End PBXGroup section */

/* Begin PBXNativeTarget section */
		1C359D201C48760000CE6E14 /* ObjectiveCExample04 */ = {
			isa = PBXNativeTarget;
			buildConfigurationList = 1C359D281C48760000CE6E14 /* Build configuration list for PBXNativeTarget "ObjectiveCExample04" */;
			buildPhases = (
				1C359D1D1C48760000CE6E14 /* Sources */,
				1C359D1E1C48760000CE6E14 /* Frameworks */,
				1C359D1F1C48760000CE6E14 /* CopyFiles */,
			);
			buildRules = (
			);
			dependencies = (
			);
			name = ObjectiveCExample04;
			productName = ObjectiveCExample04;
			productReference = 1C359D211C48760000CE6E14 /* ObjectiveCExample04 */;
			productType = "com.apple.product-type.tool";
		};
/* End PBXNativeTarget section */

/* Begin PBXProject section */
		1C359D191C48760000CE6E14 /* Project object */ = {
			isa = PBXProject;
			attributes = {
				LastUpgradeCheck = 0720;
				ORGANIZATIONNAME = "Ideia do Luiz";
				TargetAttributes = {
					1C359D201C48760000CE6E14 = {
						CreatedOnToolsVersion = 7.2;
					};
				};
			};
			buildConfigurationList = 1C359D1C1C48760000CE6E14 /* Build configuration list for PBXProject "ObjectiveCExample04" */;
			compatibilityVersion = "Xcode 3.2";
			developmentRegion = English;
			hasScannedForEncodings = 0;
			knownRegions = (
				en,
			);
			mainGroup = 1C359D181C48760000CE6E14;
			productRefGroup = 1C359D221C48760000CE6E14 /* Products */;
			projectDirPath = "";
			projectRoot = "";
			targets = (
				1C359D201C48760000CE6E14 /* ObjectiveCExample04 */,
			);
		};
/* End PBXProject section */

/* Begin PBXSourcesBuildPhase section */
		1C359D1D1C48760000CE6E14 /* Sources */ = {
			isa = PBXSourcesBuildPhase;
			buildActionMask = 2147483647;
			files = (
				1C359D251C48760000CE6E14 /* main.m in Sources */,
				1C359D2D1C48765500CE6E14 /* CICCCAnimal.m in Sources */,
			);
			runOnlyForDeploymentPostprocessing = 0;
		};
/* End PBXSourcesBuildPhase section */

/* Begin XCBuildConfiguration section */
		1C359D261C48760000CE6E14 /* Debug */ = {
			isa = XCBuildConfiguration;
			buildSettings = {
				ALWAYS_SEARCH_USER_PATHS = NO;
				CLANG_CXX_LANGUAGE_STANDARD = "gnu++0x";
				CLANG_CXX_LIBRARY = "libc++";
				CLANG_ENABLE_MODULES = YES;
				CLANG_ENABLE_OBJC_ARC = YES;
				CLANG_WARN_BOOL_CONVERSION = YES;
				CLANG_WARN_CONSTANT_CONVERSION = YES;
				CLANG_WARN_DIRECT_OBJC_ISA_USAGE = YES_ERROR;
				CLANG_WARN_EMPTY_BODY = YES;
				CLANG_WARN_ENUM_CONVERSION = YES;
				CLANG_WARN_INT_CONVERSION = YES;
				CLANG_WARN_OBJC_ROOT_CLASS = YES_ERROR;
				CLANG_WARN_UNREACHABLE_CODE = YES;
				CLANG_WARN__DUPLICATE_METHOD_MATCH = YES;
				CODE_SIGN_IDENTITY = "-";
				COPY_PHASE_STRIP = NO;
				DEBUG_INFORMATION_FORMAT = dwarf;
				ENABLE_STRICT_OBJC_MSGSEND = YES;
				ENABLE_TESTABILITY = YES;
				GCC_C_LANGUAGE_STANDARD = gnu99;
				GCC_DYNAMIC_NO_PIC = NO;
				GCC_NO_COMMON_BLOCKS = YES;
				GCC_OPTIMIZATION_LEVEL = 0;
				GCC_PREPROCESSOR_DEFINITIONS = (
					"DEBUG=1",
					"$(inherited)",
				);
				GCC_WARN_64_TO_32_BIT_CONVERSION = YES;
				GCC_WARN_ABOUT_RETURN_TYPE = YES_ERROR;
				GCC_WARN_UNDECLARED_SELECTOR = YES;
				GCC_WARN_UNINITIALIZED_AUTOS = YES_AGGRESSIVE;
				GCC_WARN_UNUSED_FUNCTION = YES;
				GCC_WARN_UNUSED_VARIABLE = YES;
				MACOSX_DEPLOYMENT_TARGET = 10.11;
				MTL_ENABLE_DEBUG_INFO = YES;
				ONLY_ACTIVE_ARCH = YES;
				SDKROOT = macosx;
			};
			name = Debug;
		};
		1C359D271C48760000CE6E14 /* Release */ = {
			isa = XCBuildConfiguration;
			buildSettings = {
				ALWAYS_SEARCH_USER_PATHS = NO;
				CLANG_CXX_LANGUAGE_STANDARD = "gnu++0x";
				CLANG_CXX_LIBRARY = "libc++";
				CLANG_ENABLE_MODULES = YES;
				CLANG_ENABLE_OBJC_ARC = YES;
				CLANG_WARN_BOOL_CONVERSION = YES;
				CLANG_WARN_CONSTANT_CONVERSION = YES;
				CLANG_WARN_DIRECT_OBJC_ISA_USAGE = YES_ERROR;
				CLANG_WARN_EMPTY_BODY = YES;
				CLANG_WARN_ENUM_CONVERSION = YES;
				CLANG_WARN_INT_CONVERSION = YES;
				CLANG_WARN_OBJC_ROOT_CLASS = YES_ERROR;
				CLANG_WARN_UNREACHABLE_CODE = YES;
				CLANG_WARN__DUPLICATE_METHOD_MATCH = YES;
				CODE_SIGN_IDENTITY = "-";
				COPY_PHASE_STRIP = NO;
				DEBUG_INFORMATION_FORMAT = "dwarf-with-dsym";
				ENABLE_NS_ASSERTIONS = NO;
				ENABLE_STRICT_OBJC_MSGSEND = YES;
				GCC_C_LANGUAGE_STANDARD = gnu99;
				GCC_NO_COMMON_BLOCKS = YES;
				GCC_WARN_64_TO_32_BIT_CONVERSION = YES;
				GCC_WARN_ABOUT_RETURN_TYPE = YES_ERROR;
				GCC_WARN_UNDECLARED_SELECTOR = YES;
				GCC_WARN_UNINITIALIZED_AUTOS = YES_AGGRESSIVE;
				GCC_WARN_UNUSED_FUNCTION = YES;
				GCC_WARN_UNUSED_VARIABLE = YES;
				MACOSX_DEPLOYMENT_TARGET = 10.11;
				MTL_ENABLE_DEBUG_INFO = NO;
				SDKROOT = macosx;
			};
			name = Release;
		};
		1C359D291C48760000CE6E14 /* Debug */ = {
			isa = XCBuildConfiguration;
			buildSettings = {
				PRODUCT_NAME = "$(TARGET_NAME)";
			};
			name = Debug;
		};
		1C359D2A1C48760000CE6E14 /* Release */ = {
			isa = XCBuildConfiguration;
			buildSettings = {
				PRODUCT_NAME = "$(TARGET_NAME)";
			};
			name = Release;
		};
/* End XCBuildConfiguration section */

/* Begin XCConfigurationList section */
		1C359D1C1C48760000CE6E14 /* Build configuration list for PBXProject "ObjectiveCExample04" */ = {
			isa = XCConfigurationList;
			buildConfigurations = (
				1C359D261C48760000CE6E14 /* Debug */,
				1C359D271C48760000CE6E14 /* Release */,
			);
			defaultConfigurationIsVisible = 0;
			defaultConfigurationName = Release;
		};
		1C359D281C48760000CE6E14 /* Build configuration list for PBXNativeTarget "ObjectiveCExample04" */ = {
			isa = XCConfigurationList;
			buildConfigurations = (
				1C359D291C48760000CE6E14 /* Debug */,
				1C359D2A1C48760000CE6E14 /* Release */,
			);
			defaultConfigurationIsVisible = 0;
		};
/* End XCConfigurationList section */
	};
	rootObject = 1C359D191C48760000CE6E14 /* Project object */;
}
