// !$*UTF8*$!
{
	archiveVersion = 1;
	classes = {
	};
	objectVersion = 46;
	objects = {

/* Begin PBXBuildFile section */
		D46D431E1C487C2900DF2E81 /* main.m in Sources */ = {isa = PBXBuildFile; fileRef = D46D431D1C487C2900DF2E81 /* main.m */; };
		D46D43261C487D6700DF2E81 /* HIROCar.m in Sources */ = {isa = PBXBuildFile; fileRef = D46D43251C487D6700DF2E81 /* HIROCar.m */; };
/* End PBXBuildFile section */

/* Begin PBXCopyFilesBuildPhase section */
		D46D43181C487C2900DF2E81 /* CopyFiles */ = {
			isa = PBXCopyFilesBuildPhase;
			buildActionMask = 2147483647;
			dstPath = /usr/share/man/man1/;
			dstSubfolderSpec = 0;
			files = (
			);
			runOnlyForDeploymentPostprocessing = 1;
		};
/* End PBXCopyFilesBuildPhase section */

/* Begin PBXFileReference section */
		D46D431A1C487C2900DF2E81 /* Example04 */ = {isa = PBXFileReference; explicitFileType = "compiled.mach-o.executable"; includeInIndex = 0; path = Example04; sourceTree = BUILT_PRODUCTS_DIR; };
		D46D431D1C487C2900DF2E81 /* main.m */ = {isa = PBXFileReference; lastKnownFileType = sourcecode.c.objc; path = main.m; sourceTree = "<group>"; };
		D46D43241C487D6700DF2E81 /* HIROCar.h */ = {isa = PBXFileReference; fileEncoding = 4; lastKnownFileType = sourcecode.c.h; path = HIROCar.h; sourceTree = "<group>"; };
		D46D43251C487D6700DF2E81 /* HIROCar.m */ = {isa = PBXFileReference; fileEncoding = 4; lastKnownFileType = sourcecode.c.objc; path = HIROCar.m; sourceTree = "<group>"; };
/* End PBXFileReference section */

/* Begin PBXFrameworksBuildPhase section */
		D46D43171C487C2900DF2E81 /* Frameworks */ = {
			isa = PBXFrameworksBuildPhase;
			buildActionMask = 2147483647;
			files = (
			);
			runOnlyForDeploymentPostprocessing = 0;
		};
/* End PBXFrameworksBuildPhase section */

/* Begin PBXGroup section */
		D46D43111C487C2900DF2E81 = {
			isa = PBXGroup;
			children = (
				D46D431C1C487C2900DF2E81 /* Example04 */,
				D46D431B1C487C2900DF2E81 /* Products */,
			);
			sourceTree = "<group>";
		};
		D46D431B1C487C2900DF2E81 /* Products */ = {
			isa = PBXGroup;
			children = (
				D46D431A1C487C2900DF2E81 /* Example04 */,
			);
			name = Products;
			sourceTree = "<group>";
		};
		D46D431C1C487C2900DF2E81 /* Example04 */ = {
			isa = PBXGroup;
			children = (
				D46D431D1C487C2900DF2E81 /* main.m */,
				D46D43241C487D6700DF2E81 /* HIROCar.h */,
				D46D43251C487D6700DF2E81 /* HIROCar.m */,
			);
			path = Example04;
			sourceTree = "<group>";
		};
/* End PBXGroup section */

/* Begin PBXNativeTarget section */
		D46D43191C487C2900DF2E81 /* Example04 */ = {
			isa = PBXNativeTarget;
			buildConfigurationList = D46D43211C487C2900DF2E81 /* Build configuration list for PBXNativeTarget "Example04" */;
			buildPhases = (
				D46D43161C487C2900DF2E81 /* Sources */,
				D46D43171C487C2900DF2E81 /* Frameworks */,
				D46D43181C487C2900DF2E81 /* CopyFiles */,
			);
			buildRules = (
			);
			dependencies = (
			);
			name = Example04;
			productName = Example04;
			productReference = D46D431A1C487C2900DF2E81 /* Example04 */;
			productType = "com.apple.product-type.tool";
		};
/* End PBXNativeTarget section */

/* Begin PBXProject section */
		D46D43121C487C2900DF2E81 /* Project object */ = {
			isa = PBXProject;
			attributes = {
				LastUpgradeCheck = 0720;
				ORGANIZATIONNAME = "Hiroshi Tokutomi";
				TargetAttributes = {
					D46D43191C487C2900DF2E81 = {
						CreatedOnToolsVersion = 7.2;
					};
				};
			};
			buildConfigurationList = D46D43151C487C2900DF2E81 /* Build configuration list for PBXProject "Example04" */;
			compatibilityVersion = "Xcode 3.2";
			developmentRegion = English;
			hasScannedForEncodings = 0;
			knownRegions = (
				en,
			);
			mainGroup = D46D43111C487C2900DF2E81;
			productRefGroup = D46D431B1C487C2900DF2E81 /* Products */;
			projectDirPath = "";
			projectRoot = "";
			targets = (
				D46D43191C487C2900DF2E81 /* Example04 */,
			);
		};
/* End PBXProject section */

/* Begin PBXSourcesBuildPhase section */
		D46D43161C487C2900DF2E81 /* Sources */ = {
			isa = PBXSourcesBuildPhase;
			buildActionMask = 2147483647;
			files = (
				D46D43261C487D6700DF2E81 /* HIROCar.m in Sources */,
				D46D431E1C487C2900DF2E81 /* main.m in Sources */,
			);
			runOnlyForDeploymentPostprocessing = 0;
		};
/* End PBXSourcesBuildPhase section */

/* Begin XCBuildConfiguration section */
		D46D431F1C487C2900DF2E81 /* Debug */ = {
			isa = XCBuildConfiguration;
			buildSettings = {
				ALWAYS_SEARCH_USER_PATHS = NO;
				CLANG_CXX_LANGUAGE_STANDARD = "gnu++0x";
				CLANG_CXX_LIBRARY = "libc++";
				CLANG_ENABLE_MODULES = YES;
				CLANG_ENABLE_OBJC_ARC = YES;
				CLANG_WARN_BOOL_CONVERSION = YES;
				CLANG_WARN_CONSTANT_CONVERSION = YES;
				CLANG_WARN_DIRECT_OBJC_ISA_USAGE = YES_ERROR;
				CLANG_WARN_EMPTY_BODY = YES;
				CLANG_WARN_ENUM_CONVERSION = YES;
				CLANG_WARN_INT_CONVERSION = YES;
				CLANG_WARN_OBJC_ROOT_CLASS = YES_ERROR;
				CLANG_WARN_UNREACHABLE_CODE = YES;
				CLANG_WARN__DUPLICATE_METHOD_MATCH = YES;
				CODE_SIGN_IDENTITY = "-";
				COPY_PHASE_STRIP = NO;
				DEBUG_INFORMATION_FORMAT = dwarf;
				ENABLE_STRICT_OBJC_MSGSEND = YES;
				ENABLE_TESTABILITY = YES;
				GCC_C_LANGUAGE_STANDARD = gnu99;
				GCC_DYNAMIC_NO_PIC = NO;
				GCC_NO_COMMON_BLOCKS = YES;
				GCC_OPTIMIZATION_LEVEL = 0;
				GCC_PREPROCESSOR_DEFINITIONS = (
					"DEBUG=1",
					"$(inherited)",
				);
				GCC_WARN_64_TO_32_BIT_CONVERSION = YES;
				GCC_WARN_ABOUT_RETURN_TYPE = YES_ERROR;
				GCC_WARN_UNDECLARED_SELECTOR = YES;
				GCC_WARN_UNINITIALIZED_AUTOS = YES_AGGRESSIVE;
				GCC_WARN_UNUSED_FUNCTION = YES;
				GCC_WARN_UNUSED_VARIABLE = YES;
				MACOSX_DEPLOYMENT_TARGET = 10.10;
				MTL_ENABLE_DEBUG_INFO = YES;
				ONLY_ACTIVE_ARCH = YES;
				SDKROOT = macosx;
			};
			name = Debug;
		};
		D46D43201C487C2900DF2E81 /* Release */ = {
			isa = XCBuildConfiguration;
			buildSettings = {
				ALWAYS_SEARCH_USER_PATHS = NO;
				CLANG_CXX_LANGUAGE_STANDARD = "gnu++0x";
				CLANG_CXX_LIBRARY = "libc++";
				CLANG_ENABLE_MODULES = YES;
				CLANG_ENABLE_OBJC_ARC = YES;
				CLANG_WARN_BOOL_CONVERSION = YES;
				CLANG_WARN_CONSTANT_CONVERSION = YES;
				CLANG_WARN_DIRECT_OBJC_ISA_USAGE = YES_ERROR;
				CLANG_WARN_EMPTY_BODY = YES;
				CLANG_WARN_ENUM_CONVERSION = YES;
				CLANG_WARN_INT_CONVERSION = YES;
				CLANG_WARN_OBJC_ROOT_CLASS = YES_ERROR;
				CLANG_WARN_UNREACHABLE_CODE = YES;
				CLANG_WARN__DUPLICATE_METHOD_MATCH = YES;
				CODE_SIGN_IDENTITY = "-";
				COPY_PHASE_STRIP = NO;
				DEBUG_INFORMATION_FORMAT = "dwarf-with-dsym";
				ENABLE_NS_ASSERTIONS = NO;
				ENABLE_STRICT_OBJC_MSGSEND = YES;
				GCC_C_LANGUAGE_STANDARD = gnu99;
				GCC_NO_COMMON_BLOCKS = YES;
				GCC_WARN_64_TO_32_BIT_CONVERSION = YES;
				GCC_WARN_ABOUT_RETURN_TYPE = YES_ERROR;
				GCC_WARN_UNDECLARED_SELECTOR = YES;
				GCC_WARN_UNINITIALIZED_AUTOS = YES_AGGRESSIVE;
				GCC_WARN_UNUSED_FUNCTION = YES;
				GCC_WARN_UNUSED_VARIABLE = YES;
				MACOSX_DEPLOYMENT_TARGET = 10.10;
				MTL_ENABLE_DEBUG_INFO = NO;
				SDKROOT = macosx;
			};
			name = Release;
		};
		D46D43221C487C2900DF2E81 /* Debug */ = {
			isa = XCBuildConfiguration;
			buildSettings = {
				PRODUCT_NAME = "$(TARGET_NAME)";
			};
			name = Debug;
		};
		D46D43231C487C2900DF2E81 /* Release */ = {
			isa = XCBuildConfiguration;
			buildSettings = {
				PRODUCT_NAME = "$(TARGET_NAME)";
			};
			name = Release;
		};
/* End XCBuildConfiguration section */

/* Begin XCConfigurationList section */
		D46D43151C487C2900DF2E81 /* Build configuration list for PBXProject "Example04" */ = {
			isa = XCConfigurationList;
			buildConfigurations = (
				D46D431F1C487C2900DF2E81 /* Debug */,
				D46D43201C487C2900DF2E81 /* Release */,
			);
			defaultConfigurationIsVisible = 0;
			defaultConfigurationName = Release;
		};
		D46D43211C487C2900DF2E81 /* Build configuration list for PBXNativeTarget "Example04" */ = {
			isa = XCConfigurationList;
			buildConfigurations = (
				D46D43221C487C2900DF2E81 /* Debug */,
				D46D43231C487C2900DF2E81 /* Release */,
			);
			defaultConfigurationIsVisible = 0;
		};
/* End XCConfigurationList section */
	};
	rootObject = D46D43121C487C2900DF2E81 /* Project object */;
}
